
Microsoft Visual Studio Solution File, Format Version 12.00
# Visual Studio Version 16
VisualStudioVersion = 16.0.30816.121
MinimumVisualStudioVersion = 10.0.40219.1
Project("{FAE04EC0-301F-11D3-BF4B-00C04F79EFBC}") = "Poc.Grpc.Client", "Poc.Grpc.Client\Poc.Grpc.Client.csproj", "{B331905F-EB11-4304-AF51-CC1540AE5EAF}"
EndProject
Global
	GlobalSection(SolutionConfigurationPlatforms) = preSolution
		Debug|Any CPU = Debug|Any CPU
		Release|Any CPU = Release|Any CPU
	EndGlobalSection
	GlobalSection(ProjectConfigurationPlatforms) = postSolution
		{B331905F-EB11-4304-AF51-CC1540AE5EAF}.Debug|Any CPU.ActiveCfg = Debug|Any CPU
		{B331905F-EB11-4304-AF51-CC1540AE5EAF}.Debug|Any CPU.Build.0 = Debug|Any CPU
		{B331905F-EB11-4304-AF51-CC1540AE5EAF}.Release|Any CPU.ActiveCfg = Release|Any CPU
		{B331905F-EB11-4304-AF51-CC1540AE5EAF}.Release|Any CPU.Build.0 = Release|Any CPU
	EndGlobalSection
	GlobalSection(SolutionProperties) = preSolution
		HideSolutionNode = FALSE
	EndGlobalSection
	GlobalSection(ExtensibilityGlobals) = postSolution
		SolutionGuid = {3405C73F-0731-44F6-B308-DDCF891A1FCC}
	EndGlobalSection
EndGlobal
